
Microsoft Visual Studio Solution File, Format Version 12.00
# Visual Studio Version 17
VisualStudioVersion = 17.1.32210.238
MinimumVisualStudioVersion = 10.0.40219.1
Project("{FAE04EC0-301F-11D3-BF4B-00C04F79EFBC}") = "Specflow_UI_Project", "Specflow_Restsharp_Project\Specflow_UI_Project.csproj", "{1003665F-DB8B-4147-BEFD-7BFB61F5C86F}"
EndProject
Project("{FAE04EC0-301F-11D3-BF4B-00C04F79EFBC}") = "SpecFlow_Restsharp_API", "SpecFlow_Restsharp_API\SpecFlow_Restsharp_API.csproj", "{A0AADA09-ED47-4B4F-8755-722357BBB13A}"
EndProject
Global
	GlobalSection(SolutionConfigurationPlatforms) = preSolution
		Debug|Any CPU = Debug|Any CPU
		Release|Any CPU = Release|Any CPU
	EndGlobalSection
	GlobalSection(ProjectConfigurationPlatforms) = postSolution
		{1003665F-DB8B-4147-BEFD-7BFB61F5C86F}.Debug|Any CPU.ActiveCfg = Debug|Any CPU
		{1003665F-DB8B-4147-BEFD-7BFB61F5C86F}.Debug|Any CPU.Build.0 = Debug|Any CPU
		{1003665F-DB8B-4147-BEFD-7BFB61F5C86F}.Release|Any CPU.ActiveCfg = Release|Any CPU
		{1003665F-DB8B-4147-BEFD-7BFB61F5C86F}.Release|Any CPU.Build.0 = Release|Any CPU
		{A0AADA09-ED47-4B4F-8755-722357BBB13A}.Debug|Any CPU.ActiveCfg = Debug|Any CPU
		{A0AADA09-ED47-4B4F-8755-722357BBB13A}.Debug|Any CPU.Build.0 = Debug|Any CPU
		{A0AADA09-ED47-4B4F-8755-722357BBB13A}.Release|Any CPU.ActiveCfg = Release|Any CPU
		{A0AADA09-ED47-4B4F-8755-722357BBB13A}.Release|Any CPU.Build.0 = Release|Any CPU
	EndGlobalSection
	GlobalSection(SolutionProperties) = preSolution
		HideSolutionNode = FALSE
	EndGlobalSection
	GlobalSection(ExtensibilityGlobals) = postSolution
		SolutionGuid = {D4563628-EA82-452E-AECB-78A47F69E35D}
	EndGlobalSection
EndGlobal
